github.com/cornelk/hashmap v1.0.1 h1:RXGcy29hEdLLV8T6aK4s+BAd4tq4+3Hq50N2GoG0uIg=
github.com/cornelk/hashmap v1.0.1/go.mod h1:8wbysTUDnwJGrPZ1Iwsou3m+An6sldFrJItjRhfegCw=
github.com/csimplestring/deheap v1.0.0 h1:pxoFJwtJCc6pBPAYy1tVB3i7f9IoV79IEvTkkkxyDfg=
github.com/csimplestring/deheap v1.0.0/go.mod h1:S8atrRxHYxqJw3Hbp8abzwphrKJOLEdZXLW+9GHQTK4=
github.com/csimplestring/go-cow-loader v0.0.1 h1:w2H3K43nZczXSk2ok7pL5w6uYFptA+XrdKssgcdzHZo=
github.com/csimplestring/go-cow-loader v0.0.1/go.mod h1:ZEN+naLXi19hMZ+3aQxR+w5Q8dhApYJtwbaeT6RqwVc=
github.com/csimplestring/go-cow-loader v0.0.2 h1:RsifWgvcsdHdK8VbJlZe1OKeOIUouXqVVI8Ip0UrNa0=
github.com/csimplestring/go-cow-loader v0.0.2/go.mod h1:ZEN+naLXi19hMZ+3aQxR+w5Q8dhApYJtwbaeT6RqwVc=
github.com/davecgh/go-spew v1.1.0 h1:ZDRjVQ15GmhC3fiQ8ni8+OwkZQO4DARzQgrnXU1Liz8=
github.com/davecgh/go-spew v1.1.0/go.mod h1:J7Y8YcW2NihsgmVo/mv3lAwl/skON4iLHjSsI+c5H38=
github.com/dchest/siphash v1.1.0 h1:1Rs9eTUlZLPBEvV+2sTaM8O0NWn0ppbgqS7p11aWawI=
github.com/dchest/siphash v1.1.0/go.mod h1:q+IRvb2gOSrUnYoPqHiyHXS0FOBBOdl6tONBlVnOnt4=
github.com/dchest/uniuri v0.0.0-20200228104902-7aecb25e1fe5 h1:RAV05c0xOkJ3dZGS0JFybxFKZ2WMLabgx3uXnd7rpGs=
github.com/dchest/uniuri v0.0.0-20200228104902-7aecb25e1fe5/go.mod h1:GgB8SF9nRG+GqaDtLcwJZsQFhcogVCJ79j4EdT0c2V4=
github.com/pkg/profile v1.5.0 h1:042Buzk+NhDI+DeSAA62RwJL8VAuZUMQZUjCsRz1Mug=
github.com/pkg/profile v1.5.0/go.mod h1:qBsxPvzyUincmltOk6iyRVxHYg4adc0OFOv72ZdLa18=
github.com/pmezard/go-difflib v1.0.0 h1:4DBwDE0NGyQoBHbLQYPwSUPoCMWR5BEzIk/f1lZbAQM=
github.com/pmezard/go-difflib v1.0.0/go.mod h1:iKH77koFhYxTK1pcRnkKkqfTogsbg7gZNVY4sRDYZ/4=
github.com/stretchr/objx v0.1.0/go.mod h1:HFkY916IF+rwdDfMAkV7OtwuqBVzrE8GR6GFx+wExME=
github.com/stretchr/testify v1.7.0 h1:nwc3DEeHmmLAfoZucVR881uASk0Mfjw8xYJ99tb5CcY=
github.com/stretchr/testify v1.7.0/go.mod h1:6Fq8oRcR53rry900zMqJjRRixrwX3KX962/h/Wwjteg=
gopkg.in/check.v1 v0.0.0-20161208181325-20d25e280405 h1:yhCVgyC4o1eVCa2tZl7eS0r+SDo693bJlVdllGtEeKM=
gopkg.in/check.v1 v0.0.0-20161208181325-20d25e280405/go.mod h1:Co6ibVJAznAaIkqp8huTwlJQCZ016jof/cbN4VW5Yz0=
gopkg.in/yaml.v3 v3.0.0-20200313102051-9f266ea9e77c h1:dUUwHk2QECo/6vqA44rthZ8ie2QXMNeKRTHCNY2nXvo=
gopkg.in/yaml.v3 v3.0.0-20200313102051-9f266ea9e77c/go.mod h1:K4uyk7z7BCEPqu6E+C64Yfv1cQ7kz7rIZviUmN+EgEM=
